
Microsoft Visual Studio Solution File, Format Version 12.00
# Visual Studio 2017
Project("{FAE04EC0-301F-11D3-BF4B-00C04F79EFBC}") = "FPSelunity", "FPSelunity.csproj", "{E447A6C9-8657-9EBC-73F1-06166B05A7CB}"
EndProject
Global
	GlobalSection(SolutionConfigurationPlatforms) = preSolution
		Debug|Any CPU = Debug|Any CPU
		Release|Any CPU = Release|Any CPU
	EndGlobalSection
	GlobalSection(ProjectConfigurationPlatforms) = postSolution
		{E447A6C9-8657-9EBC-73F1-06166B05A7CB}.Debug|Any CPU.ActiveCfg = Debug|Any CPU
		{E447A6C9-8657-9EBC-73F1-06166B05A7CB}.Debug|Any CPU.Build.0 = Debug|Any CPU
		{E447A6C9-8657-9EBC-73F1-06166B05A7CB}.Release|Any CPU.ActiveCfg = Release|Any CPU
		{E447A6C9-8657-9EBC-73F1-06166B05A7CB}.Release|Any CPU.Build.0 = Release|Any CPU
	EndGlobalSection
	GlobalSection(SolutionProperties) = preSolution
		HideSolutionNode = FALSE
	EndGlobalSection
EndGlobal
